PODS:
  - Flutter (1.0.0)
  - flutter_pdfium (0.0.1):
    - Flutter

DEPENDENCIES:
  - Flutter (from `Flutter`)
  - flutter_pdfium (from `.symlinks/plugins/flutter_pdfium/ios`)

EXTERNAL SOURCES:
  Flutter:
    :path: Flutter
  flutter_pdfium:
    :path: ".symlinks/plugins/flutter_pdfium/ios"

SPEC CHECKSUMS:
  Flutter: e0871f40cf51350855a761d2e70bf5af5b9b5de7
  flutter_pdfium: 9a630b7c9fd73d9fe987e1ba53131defbd6dea3e

PODFILE CHECKSUM: 819463e6a0290f5a72f145ba7cde16e8b6ef0796

COCOAPODS: 1.15.2
