PODS:
  - Flutter (1.0.0)
  - flutter_pdfium_ios (0.0.1):
    - Flutter

DEPENDENCIES:
  - Flutter (from `Flutter`)
  - flutter_pdfium_ios (from `.symlinks/plugins/flutter_pdfium_ios/ios`)

EXTERNAL SOURCES:
  Flutter:
    :path: Flutter
  flutter_pdfium_ios:
    :path: ".symlinks/plugins/flutter_pdfium_ios/ios"

SPEC CHECKSUMS:
  Flutter: e0871f40cf51350855a761d2e70bf5af5b9b5de7
  flutter_pdfium_ios: 06cbe195ea9dbc791bdd1bd7ea172a18345028ca

PODFILE CHECKSUM: 819463e6a0290f5a72f145ba7cde16e8b6ef0796

COCOAPODS: 1.15.2
